# This file is automatically @generated by Cargo.
# It is not intended for manual editing.
version = 4

[[package]]
name = "hap-controllers"
version = "0.0.1"

[[package]]
name = "hap-core"
version = "0.0.1"

[[package]]
name = "hap-crypto"
version = "0.0.1"

[[package]]
name = "hap-http"
version = "0.0.1"

[[package]]
name = "hap-mdns"
version = "0.0.1"

[[package]]
name = "hap-server"
version = "0.0.1"

[[package]]
name = "hap-tlv"
version = "0.0.1"

[[package]]
name = "light-bulb"
version = "0.0.1"
